// !$*UTF8*$!
{
	archiveVersion = 1;
	classes = {
	};
	objectVersion = 56;
	objects = {

/* Begin PBXBuildFile section */
		/* App Source Files */
		001 /* VoiceTmuxApp.swift in Sources */ = {isa = PBXBuildFile; fileRef = 100; };
		002 /* AppViewModel.swift in Sources */ = {isa = PBXBuildFile; fileRef = 101; };
		003 /* VoiceViewModel.swift in Sources */ = {isa = PBXBuildFile; fileRef = 102; };
		004 /* TreeView.swift in Sources */ = {isa = PBXBuildFile; fileRef = 103; };
		005 /* CaptureView.swift in Sources */ = {isa = PBXBuildFile; fileRef = 104; };
		006 /* ConnectionSettingsView.swift in Sources */ = {isa = PBXBuildFile; fileRef = 105; };
		007 /* InteractiveTerminalView.swift in Sources */ = {isa = PBXBuildFile; fileRef = 106; };
		008 /* VoiceControlView.swift in Sources */ = {isa = PBXBuildFile; fileRef = 107; };
		014 /* XunfeiSettingsView.swift in Sources */ = {isa = PBXBuildFile; fileRef = 108; };
		/* XTerminalUI Source Files */
		010 /* XTermSSHView.swift in Sources */ = {isa = PBXBuildFile; fileRef = 110; };
		011 /* WebViewWrapper.swift in Sources */ = {isa = PBXBuildFile; fileRef = 111; };
		012 /* TerminalBridge.swift in Sources */ = {isa = PBXBuildFile; fileRef = 112; };
		013 /* TerminalScript.swift in Sources */ = {isa = PBXBuildFile; fileRef = 113; };
		/* XTerminalUI Resources */
		020 /* xterm.min.js in Resources */ = {isa = PBXBuildFile; fileRef = 120; };
		021 /* xterm.css in Resources */ = {isa = PBXBuildFile; fileRef = 121; };
		022 /* xterm-addon-fit.min.js in Resources */ = {isa = PBXBuildFile; fileRef = 122; };
		/* VoiceTmuxCore Package */
		009 /* VoiceTmuxCore in Frameworks */ = {isa = PBXBuildFile; productRef = 200; };
/* End PBXBuildFile section */

/* Begin PBXFileReference section */
		100 /* VoiceTmuxApp.swift */ = {isa = PBXFileReference; lastKnownFileType = sourcecode.swift; path = VoiceTmuxApp.swift; sourceTree = "<group>"; };
		101 /* AppViewModel.swift */ = {isa = PBXFileReference; lastKnownFileType = sourcecode.swift; path = AppViewModel.swift; sourceTree = "<group>"; };
		102 /* VoiceViewModel.swift */ = {isa = PBXFileReference; lastKnownFileType = sourcecode.swift; path = VoiceViewModel.swift; sourceTree = "<group>"; };
		103 /* TreeView.swift */ = {isa = PBXFileReference; lastKnownFileType = sourcecode.swift; path = TreeView.swift; sourceTree = "<group>"; };
		104 /* CaptureView.swift */ = {isa = PBXFileReference; lastKnownFileType = sourcecode.swift; path = CaptureView.swift; sourceTree = "<group>"; };
		105 /* ConnectionSettingsView.swift */ = {isa = PBXFileReference; lastKnownFileType = sourcecode.swift; path = ConnectionSettingsView.swift; sourceTree = "<group>"; };
		106 /* InteractiveTerminalView.swift */ = {isa = PBXFileReference; lastKnownFileType = sourcecode.swift; path = InteractiveTerminalView.swift; sourceTree = "<group>"; };
		107 /* VoiceControlView.swift */ = {isa = PBXFileReference; lastKnownFileType = sourcecode.swift; path = VoiceControlView.swift; sourceTree = "<group>"; };
		108 /* XunfeiSettingsView.swift */ = {isa = PBXFileReference; lastKnownFileType = sourcecode.swift; path = XunfeiSettingsView.swift; sourceTree = "<group>"; };
		/* XTerminalUI Files */
		110 /* XTermSSHView.swift */ = {isa = PBXFileReference; lastKnownFileType = sourcecode.swift; path = XTermSSHView.swift; sourceTree = "<group>"; };
		111 /* WebViewWrapper.swift */ = {isa = PBXFileReference; lastKnownFileType = sourcecode.swift; path = WebViewWrapper.swift; sourceTree = "<group>"; };
		112 /* TerminalBridge.swift */ = {isa = PBXFileReference; lastKnownFileType = sourcecode.swift; path = TerminalBridge.swift; sourceTree = "<group>"; };
		113 /* TerminalScript.swift */ = {isa = PBXFileReference; lastKnownFileType = sourcecode.swift; path = TerminalScript.swift; sourceTree = "<group>"; };
		120 /* xterm.min.js */ = {isa = PBXFileReference; lastKnownFileType = sourcecode.javascript; path = "xterm.min.js"; sourceTree = "<group>"; };
		121 /* xterm.css */ = {isa = PBXFileReference; lastKnownFileType = text.css; path = xterm.css; sourceTree = "<group>"; };
		122 /* xterm-addon-fit.min.js */ = {isa = PBXFileReference; lastKnownFileType = sourcecode.javascript; path = "xterm-addon-fit.min.js"; sourceTree = "<group>"; };
		300 /* VoiceTmuxApp.app */ = {isa = PBXFileReference; explicitFileType = wrapper.application; includeInIndex = 0; path = VoiceTmuxApp.app; sourceTree = BUILT_PRODUCTS_DIR; };
/* End PBXFileReference section */

/* Begin PBXFrameworksBuildPhase section */
		400 /* Frameworks */ = {
			isa = PBXFrameworksBuildPhase;
			buildActionMask = 2147483647;
			files = (
				009 /* VoiceTmuxCore in Frameworks */,
			);
			runOnlyForDeploymentPostprocessing = 0;
		};
/* End PBXFrameworksBuildPhase section */

/* Begin PBXGroup section */
		500 = {
			isa = PBXGroup;
			children = (
				501 /* Sources */,
				502 /* Products */,
			);
			sourceTree = "<group>";
		};
		501 /* Sources */ = {
			isa = PBXGroup;
			children = (
				100 /* VoiceTmuxApp.swift */,
				503 /* ViewModels */,
				504 /* Views */,
				505 /* XTerminalUI */,
			);
			path = Sources;
			sourceTree = "<group>";
		};
		502 /* Products */ = {
			isa = PBXGroup;
			children = (
				300 /* VoiceTmuxApp.app */,
			);
			name = Products;
			sourceTree = "<group>";
		};
		503 /* ViewModels */ = {
			isa = PBXGroup;
			children = (
				101 /* AppViewModel.swift */,
				102 /* VoiceViewModel.swift */,
			);
			path = ViewModels;
			sourceTree = "<group>";
		};
		504 /* Views */ = {
			isa = PBXGroup;
			children = (
				103 /* TreeView.swift */,
				104 /* CaptureView.swift */,
				105 /* ConnectionSettingsView.swift */,
				106 /* InteractiveTerminalView.swift */,
				107 /* VoiceControlView.swift */,
				108 /* XunfeiSettingsView.swift */,
			);
			path = Views;
			sourceTree = "<group>";
		};
		505 /* XTerminalUI */ = {
			isa = PBXGroup;
			children = (
				110 /* XTermSSHView.swift */,
				111 /* WebViewWrapper.swift */,
				112 /* TerminalBridge.swift */,
				113 /* TerminalScript.swift */,
				506 /* Resources */,
			);
			path = XTerminalUI;
			sourceTree = "<group>";
		};
		506 /* Resources */ = {
			isa = PBXGroup;
			children = (
				120 /* xterm.min.js */,
				121 /* xterm.css */,
				122 /* xterm-addon-fit.min.js */,
			);
			path = Resources;
			sourceTree = "<group>";
		};
/* End PBXGroup section */

/* Begin PBXNativeTarget section */
		600 /* VoiceTmuxApp */ = {
			isa = PBXNativeTarget;
			buildConfigurationList = 700;
			buildPhases = (
				601 /* Sources */,
				400 /* Frameworks */,
				602 /* Resources */,
			);
			buildRules = (
			);
			dependencies = (
			);
			name = VoiceTmuxApp;
			packageProductDependencies = (
				200 /* VoiceTmuxCore */,
			);
			productName = VoiceTmuxApp;
			productReference = 300 /* VoiceTmuxApp.app */;
			productType = "com.apple.product-type.application";
		};
/* End PBXNativeTarget section */

/* Begin PBXProject section */
		800 /* Project object */ = {
			isa = PBXProject;
			attributes = {
				BuildIndependentTargetsInParallel = 1;
				LastSwiftUpdateCheck = 1500;
				LastUpgradeCheck = 1500;
				TargetAttributes = {
					600 = {
						CreatedOnToolsVersion = 15.0;
					};
				};
			};
			buildConfigurationList = 801;
			compatibilityVersion = "Xcode 14.0";
			developmentRegion = en;
			hasScannedForEncodings = 0;
			knownRegions = (
				en,
				Base,
			);
			mainGroup = 500;
			packageReferences = (
				900 /* XCLocalSwiftPackageReference "VoiceTmuxCore" */,
			);
			productRefGroup = 502 /* Products */;
			projectDirPath = "";
			projectRoot = "";
			targets = (
				600 /* VoiceTmuxApp */,
			);
		};
/* End PBXProject section */

/* Begin PBXResourcesBuildPhase section */
		602 /* Resources */ = {
			isa = PBXResourcesBuildPhase;
			buildActionMask = 2147483647;
			files = (
				020 /* xterm.min.js in Resources */,
				021 /* xterm.css in Resources */,
				022 /* xterm-addon-fit.min.js in Resources */,
			);
			runOnlyForDeploymentPostprocessing = 0;
		};
/* End PBXResourcesBuildPhase section */

/* Begin PBXSourcesBuildPhase section */
		601 /* Sources */ = {
			isa = PBXSourcesBuildPhase;
			buildActionMask = 2147483647;
			files = (
				001 /* VoiceTmuxApp.swift in Sources */,
				002 /* AppViewModel.swift in Sources */,
				003 /* VoiceViewModel.swift in Sources */,
				004 /* TreeView.swift in Sources */,
				005 /* CaptureView.swift in Sources */,
				006 /* ConnectionSettingsView.swift in Sources */,
				007 /* InteractiveTerminalView.swift in Sources */,
				008 /* VoiceControlView.swift in Sources */,
				014 /* XunfeiSettingsView.swift in Sources */,
				010 /* XTermSSHView.swift in Sources */,
				011 /* WebViewWrapper.swift in Sources */,
				012 /* TerminalBridge.swift in Sources */,
				013 /* TerminalScript.swift in Sources */,
			);
			runOnlyForDeploymentPostprocessing = 0;
		};
/* End PBXSourcesBuildPhase section */

/* Begin XCBuildConfiguration section */
		A00 /* Debug */ = {
			isa = XCBuildConfiguration;
			buildSettings = {
				ALWAYS_SEARCH_USER_PATHS = NO;
				ASSETCATALOG_COMPILER_GENERATE_SWIFT_ASSET_SYMBOL_EXTENSIONS = YES;
				CLANG_ANALYZER_NONNULL = YES;
				CLANG_ANALYZER_NUMBER_OBJECT_CONVERSION = YES_AGGRESSIVE;
				CLANG_CXX_LANGUAGE_STANDARD = "gnu++20";
				CLANG_ENABLE_MODULES = YES;
				CLANG_ENABLE_OBJC_ARC = YES;
				CLANG_ENABLE_OBJC_WEAK = YES;
				CLANG_WARN_BLOCK_CAPTURE_AUTORELEASING = YES;
				CLANG_WARN_BOOL_CONVERSION = YES;
				CLANG_WARN_COMMA = YES;
				CLANG_WARN_CONSTANT_CONVERSION = YES;
				CLANG_WARN_DEPRECATED_OBJC_IMPLEMENTATIONS = YES;
				CLANG_WARN_DIRECT_OBJC_ISA_USAGE = YES_ERROR;
				CLANG_WARN_DOCUMENTATION_COMMENTS = YES;
				CLANG_WARN_EMPTY_BODY = YES;
				CLANG_WARN_ENUM_CONVERSION = YES;
				CLANG_WARN_INFINITE_RECURSION = YES;
				CLANG_WARN_INT_CONVERSION = YES;
				CLANG_WARN_NON_LITERAL_NULL_CONVERSION = YES;
				CLANG_WARN_OBJC_IMPLICIT_RETAIN_SELF = YES;
				CLANG_WARN_OBJC_LITERAL_CONVERSION = YES;
				CLANG_WARN_OBJC_ROOT_CLASS = YES_ERROR;
				CLANG_WARN_QUOTED_INCLUDE_IN_FRAMEWORK_HEADER = YES;
				CLANG_WARN_RANGE_LOOP_ANALYSIS = YES;
				CLANG_WARN_STRICT_PROTOTYPES = YES;
				CLANG_WARN_SUSPICIOUS_MOVE = YES;
				CLANG_WARN_UNGUARDED_AVAILABILITY = YES_AGGRESSIVE;
				CLANG_WARN_UNREACHABLE_CODE = YES;
				CLANG_WARN__DUPLICATE_METHOD_MATCH = YES;
				COPY_PHASE_STRIP = NO;
				DEBUG_INFORMATION_FORMAT = dwarf;
				ENABLE_STRICT_OBJC_MSGSEND = YES;
				ENABLE_TESTABILITY = YES;
				ENABLE_USER_SCRIPT_SANDBOXING = YES;
				GCC_C_LANGUAGE_STANDARD = gnu17;
				GCC_DYNAMIC_NO_PIC = NO;
				GCC_NO_COMMON_BLOCKS = YES;
				GCC_OPTIMIZATION_LEVEL = 0;
				GCC_PREPROCESSOR_DEFINITIONS = (
					"DEBUG=1",
					"$(inherited)",
				);
				GCC_WARN_64_TO_32_BIT_CONVERSION = YES;
				GCC_WARN_ABOUT_RETURN_TYPE = YES_ERROR;
				GCC_WARN_UNDECLARED_SELECTOR = YES;
				GCC_WARN_UNINITIALIZED_AUTOS = YES_AGGRESSIVE;
				GCC_WARN_UNUSED_FUNCTION = YES;
				GCC_WARN_UNUSED_VARIABLE = YES;
				IPHONEOS_DEPLOYMENT_TARGET = 17.0;
				LOCALIZATION_PREFERS_STRING_CATALOGS = YES;
				MTL_ENABLE_DEBUG_INFO = INCLUDE_SOURCE;
				MTL_FAST_MATH = YES;
				ONLY_ACTIVE_ARCH = YES;
				SDKROOT = iphoneos;
				SWIFT_ACTIVE_COMPILATION_CONDITIONS = "DEBUG $(inherited)";
				SWIFT_OPTIMIZATION_LEVEL = "-Onone";
			};
			name = Debug;
		};
		A01 /* Release */ = {
			isa = XCBuildConfiguration;
			buildSettings = {
				ALWAYS_SEARCH_USER_PATHS = NO;
				ASSETCATALOG_COMPILER_GENERATE_SWIFT_ASSET_SYMBOL_EXTENSIONS = YES;
				CLANG_ANALYZER_NONNULL = YES;
				CLANG_ANALYZER_NUMBER_OBJECT_CONVERSION = YES_AGGRESSIVE;
				CLANG_CXX_LANGUAGE_STANDARD = "gnu++20";
				CLANG_ENABLE_MODULES = YES;
				CLANG_ENABLE_OBJC_ARC = YES;
				CLANG_ENABLE_OBJC_WEAK = YES;
				CLANG_WARN_BLOCK_CAPTURE_AUTORELEASING = YES;
				CLANG_WARN_BOOL_CONVERSION = YES;
				CLANG_WARN_COMMA = YES;
				CLANG_WARN_CONSTANT_CONVERSION = YES;
				CLANG_WARN_DEPRECATED_OBJC_IMPLEMENTATIONS = YES;
				CLANG_WARN_DIRECT_OBJC_ISA_USAGE = YES_ERROR;
				CLANG_WARN_DOCUMENTATION_COMMENTS = YES;
				CLANG_WARN_EMPTY_BODY = YES;
				CLANG_WARN_ENUM_CONVERSION = YES;
				CLANG_WARN_INFINITE_RECURSION = YES;
				CLANG_WARN_INT_CONVERSION = YES;
				CLANG_WARN_NON_LITERAL_NULL_CONVERSION = YES;
				CLANG_WARN_OBJC_IMPLICIT_RETAIN_SELF = YES;
				CLANG_WARN_OBJC_LITERAL_CONVERSION = YES;
				CLANG_WARN_OBJC_ROOT_CLASS = YES_ERROR;
				CLANG_WARN_QUOTED_INCLUDE_IN_FRAMEWORK_HEADER = YES;
				CLANG_WARN_RANGE_LOOP_ANALYSIS = YES;
				CLANG_WARN_STRICT_PROTOTYPES = YES;
				CLANG_WARN_SUSPICIOUS_MOVE = YES;
				CLANG_WARN_UNGUARDED_AVAILABILITY = YES_AGGRESSIVE;
				CLANG_WARN_UNREACHABLE_CODE = YES;
				CLANG_WARN__DUPLICATE_METHOD_MATCH = YES;
				COPY_PHASE_STRIP = NO;
				DEBUG_INFORMATION_FORMAT = "dwarf-with-dsym";
				ENABLE_NS_ASSERTIONS = NO;
				ENABLE_STRICT_OBJC_MSGSEND = YES;
				ENABLE_USER_SCRIPT_SANDBOXING = YES;
				GCC_C_LANGUAGE_STANDARD = gnu17;
				GCC_NO_COMMON_BLOCKS = YES;
				GCC_WARN_64_TO_32_BIT_CONVERSION = YES;
				GCC_WARN_ABOUT_RETURN_TYPE = YES_ERROR;
				GCC_WARN_UNDECLARED_SELECTOR = YES;
				GCC_WARN_UNINITIALIZED_AUTOS = YES_AGGRESSIVE;
				GCC_WARN_UNUSED_FUNCTION = YES;
				GCC_WARN_UNUSED_VARIABLE = YES;
				IPHONEOS_DEPLOYMENT_TARGET = 17.0;
				LOCALIZATION_PREFERS_STRING_CATALOGS = YES;
				MTL_ENABLE_DEBUG_INFO = NO;
				MTL_FAST_MATH = YES;
				SDKROOT = iphoneos;
				SWIFT_COMPILATION_MODE = wholemodule;
				VALIDATE_PRODUCT = YES;
			};
			name = Release;
		};
		A02 /* Debug */ = {
			isa = XCBuildConfiguration;
			buildSettings = {
				ASSETCATALOG_COMPILER_APPICON_NAME = AppIcon;
				ASSETCATALOG_COMPILER_GLOBAL_ACCENT_COLOR_NAME = AccentColor;
				CODE_SIGN_STYLE = Automatic;
				CURRENT_PROJECT_VERSION = 1;
				DEVELOPMENT_TEAM = "";
				ENABLE_PREVIEWS = YES;
				GENERATE_INFOPLIST_FILE = YES;
				INFOPLIST_KEY_NSMicrophoneUsageDescription = "Voice input requires microphone access";
				INFOPLIST_KEY_UIApplicationSceneManifest_Generation = YES;
				INFOPLIST_KEY_UIApplicationSupportsIndirectInputEvents = YES;
				INFOPLIST_KEY_UILaunchScreen_Generation = YES;
				INFOPLIST_KEY_UISupportedInterfaceOrientations_iPad = "UIInterfaceOrientationPortrait UIInterfaceOrientationPortraitUpsideDown UIInterfaceOrientationLandscapeLeft UIInterfaceOrientationLandscapeRight";
				INFOPLIST_KEY_UISupportedInterfaceOrientations_iPhone = "UIInterfaceOrientationPortrait UIInterfaceOrientationLandscapeLeft UIInterfaceOrientationLandscapeRight";
				LD_RUNPATH_SEARCH_PATHS = (
					"$(inherited)",
					"@executable_path/Frameworks",
				);
				MARKETING_VERSION = 1.0;
				PRODUCT_BUNDLE_IDENTIFIER = com.voiceai.VoiceTmuxApp;
				PRODUCT_NAME = "$(TARGET_NAME)";
				SWIFT_EMIT_LOC_STRINGS = YES;
				SWIFT_VERSION = 5.0;
				TARGETED_DEVICE_FAMILY = "1,2";
			};
			name = Debug;
		};
		A03 /* Release */ = {
			isa = XCBuildConfiguration;
			buildSettings = {
				ASSETCATALOG_COMPILER_APPICON_NAME = AppIcon;
				ASSETCATALOG_COMPILER_GLOBAL_ACCENT_COLOR_NAME = AccentColor;
				CODE_SIGN_STYLE = Automatic;
				CURRENT_PROJECT_VERSION = 1;
				DEVELOPMENT_TEAM = "";
				ENABLE_PREVIEWS = YES;
				GENERATE_INFOPLIST_FILE = YES;
				INFOPLIST_KEY_NSMicrophoneUsageDescription = "Voice input requires microphone access";
				INFOPLIST_KEY_UIApplicationSceneManifest_Generation = YES;
				INFOPLIST_KEY_UIApplicationSupportsIndirectInputEvents = YES;
				INFOPLIST_KEY_UILaunchScreen_Generation = YES;
				INFOPLIST_KEY_UISupportedInterfaceOrientations_iPad = "UIInterfaceOrientationPortrait UIInterfaceOrientationPortraitUpsideDown UIInterfaceOrientationLandscapeLeft UIInterfaceOrientationLandscapeRight";
				INFOPLIST_KEY_UISupportedInterfaceOrientations_iPhone = "UIInterfaceOrientationPortrait UIInterfaceOrientationLandscapeLeft UIInterfaceOrientationLandscapeRight";
				LD_RUNPATH_SEARCH_PATHS = (
					"$(inherited)",
					"@executable_path/Frameworks",
				);
				MARKETING_VERSION = 1.0;
				PRODUCT_BUNDLE_IDENTIFIER = com.voiceai.VoiceTmuxApp;
				PRODUCT_NAME = "$(TARGET_NAME)";
				SWIFT_EMIT_LOC_STRINGS = YES;
				SWIFT_VERSION = 5.0;
				TARGETED_DEVICE_FAMILY = "1,2";
			};
			name = Release;
		};
/* End XCBuildConfiguration section */

/* Begin XCConfigurationList section */
		700 /* Build configuration list for PBXNativeTarget "VoiceTmuxApp" */ = {
			isa = XCConfigurationList;
			buildConfigurations = (
				A02 /* Debug */,
				A03 /* Release */,
			);
			defaultConfigurationIsVisible = 0;
			defaultConfigurationName = Release;
		};
		801 /* Build configuration list for PBXProject "VoiceTmuxApp" */ = {
			isa = XCConfigurationList;
			buildConfigurations = (
				A00 /* Debug */,
				A01 /* Release */,
			);
			defaultConfigurationIsVisible = 0;
			defaultConfigurationName = Release;
		};
/* End XCConfigurationList section */

/* Begin XCLocalSwiftPackageReference section */
		900 /* XCLocalSwiftPackageReference "VoiceTmuxCore" */ = {
			isa = XCLocalSwiftPackageReference;
			relativePath = ../VoiceTmuxCore;
		};
/* End XCLocalSwiftPackageReference section */

/* Begin XCSwiftPackageProductDependency section */
		200 /* VoiceTmuxCore */ = {
			isa = XCSwiftPackageProductDependency;
			productName = VoiceTmuxCore;
		};
/* End XCSwiftPackageProductDependency section */

	};
	rootObject = 800 /* Project object */;
}
